
Microsoft Visual Studio Solution File, Format Version 12.00
# Visual Studio 2013
VisualStudioVersion = 12.0.31101.0
MinimumVisualStudioVersion = 10.0.40219.1
Project("{FAE04EC0-301F-11D3-BF4B-00C04F79EFBC}") = "Modeler", "Modeler\Modeler.csproj", "{631EA34F-FE89-4320-A6C3-E60EA998C844}"
EndProject
Project("{FAE04EC0-301F-11D3-BF4B-00C04F79EFBC}") = "Renderer", "Renderer\Renderer.csproj", "{873E3C10-B348-4C6D-828E-521012D08E61}"
EndProject
Project("{FAE04EC0-301F-11D3-BF4B-00C04F79EFBC}") = "ModelTester", "ModelTester\ModelTester.csproj", "{19390B53-151D-4227-85A1-36B549B7A47B}"
EndProject
Project("{FAE04EC0-301F-11D3-BF4B-00C04F79EFBC}") = "Renderer.Web", "Renderer.Web\Renderer.Web.csproj", "{088FF924-B4A7-4742-927A-E9A6420409DC}"
EndProject
Global
	GlobalSection(SolutionConfigurationPlatforms) = preSolution
		Debug|Any CPU = Debug|Any CPU
		Release|Any CPU = Release|Any CPU
	EndGlobalSection
	GlobalSection(ProjectConfigurationPlatforms) = postSolution
		{631EA34F-FE89-4320-A6C3-E60EA998C844}.Debug|Any CPU.ActiveCfg = Debug|Any CPU
		{631EA34F-FE89-4320-A6C3-E60EA998C844}.Debug|Any CPU.Build.0 = Debug|Any CPU
		{631EA34F-FE89-4320-A6C3-E60EA998C844}.Release|Any CPU.ActiveCfg = Release|Any CPU
		{631EA34F-FE89-4320-A6C3-E60EA998C844}.Release|Any CPU.Build.0 = Release|Any CPU
		{873E3C10-B348-4C6D-828E-521012D08E61}.Debug|Any CPU.ActiveCfg = Debug|Any CPU
		{873E3C10-B348-4C6D-828E-521012D08E61}.Debug|Any CPU.Build.0 = Debug|Any CPU
		{873E3C10-B348-4C6D-828E-521012D08E61}.Release|Any CPU.ActiveCfg = Release|Any CPU
		{873E3C10-B348-4C6D-828E-521012D08E61}.Release|Any CPU.Build.0 = Release|Any CPU
		{19390B53-151D-4227-85A1-36B549B7A47B}.Debug|Any CPU.ActiveCfg = Debug|Any CPU
		{19390B53-151D-4227-85A1-36B549B7A47B}.Debug|Any CPU.Build.0 = Debug|Any CPU
		{19390B53-151D-4227-85A1-36B549B7A47B}.Release|Any CPU.ActiveCfg = Release|Any CPU
		{19390B53-151D-4227-85A1-36B549B7A47B}.Release|Any CPU.Build.0 = Release|Any CPU
		{088FF924-B4A7-4742-927A-E9A6420409DC}.Debug|Any CPU.ActiveCfg = Debug|Any CPU
		{088FF924-B4A7-4742-927A-E9A6420409DC}.Debug|Any CPU.Build.0 = Debug|Any CPU
		{088FF924-B4A7-4742-927A-E9A6420409DC}.Release|Any CPU.ActiveCfg = Release|Any CPU
		{088FF924-B4A7-4742-927A-E9A6420409DC}.Release|Any CPU.Build.0 = Release|Any CPU
	EndGlobalSection
	GlobalSection(SolutionProperties) = preSolution
		HideSolutionNode = FALSE
	EndGlobalSection
EndGlobal
