
Microsoft Visual Studio Solution File, Format Version 12.00
# Visual Studio 2013
VisualStudioVersion = 12.0.31101.0
MinimumVisualStudioVersion = 10.0.40219.1
Project("{FAE04EC0-301F-11D3-BF4B-00C04F79EFBC}") = "Modeler", "Modeler\Modeler.csproj", "{631EA34F-FE89-4320-A6C3-E60EA998C844}"
EndProject
Project("{FAE04EC0-301F-11D3-BF4B-00C04F79EFBC}") = "WebGL1", "WebGL1\WebGL1.csproj", "{0EC0C168-B9EF-461D-A0B7-2B7E6A56C568}"
EndProject
Global
	GlobalSection(SolutionConfigurationPlatforms) = preSolution
		Debug|Any CPU = Debug|Any CPU
		Release|Any CPU = Release|Any CPU
	EndGlobalSection
	GlobalSection(ProjectConfigurationPlatforms) = postSolution
		{631EA34F-FE89-4320-A6C3-E60EA998C844}.Debug|Any CPU.ActiveCfg = Debug|Any CPU
		{631EA34F-FE89-4320-A6C3-E60EA998C844}.Debug|Any CPU.Build.0 = Debug|Any CPU
		{631EA34F-FE89-4320-A6C3-E60EA998C844}.Release|Any CPU.ActiveCfg = Release|Any CPU
		{631EA34F-FE89-4320-A6C3-E60EA998C844}.Release|Any CPU.Build.0 = Release|Any CPU
		{0EC0C168-B9EF-461D-A0B7-2B7E6A56C568}.Debug|Any CPU.ActiveCfg = Debug|Any CPU
		{0EC0C168-B9EF-461D-A0B7-2B7E6A56C568}.Debug|Any CPU.Build.0 = Debug|Any CPU
		{0EC0C168-B9EF-461D-A0B7-2B7E6A56C568}.Release|Any CPU.ActiveCfg = Release|Any CPU
		{0EC0C168-B9EF-461D-A0B7-2B7E6A56C568}.Release|Any CPU.Build.0 = Release|Any CPU
	EndGlobalSection
	GlobalSection(SolutionProperties) = preSolution
		HideSolutionNode = FALSE
	EndGlobalSection
EndGlobal
